
Microsoft Visual Studio Solution File, Format Version 12.00
# Visual Studio Version 17
VisualStudioVersion = 17.5.002.0
MinimumVisualStudioVersion = 10.0.40219.1
Project("{9A19103F-16F7-4668-BE54-9A1E7A4F7556}") = "Projeto Imperio", "Projeto Imperio.csproj", "{5C6B4C97-18B1-432B-957F-750203D04527}"
EndProject
Global
	GlobalSection(SolutionConfigurationPlatforms) = preSolution
		Debug|Any CPU = Debug|Any CPU
		Release|Any CPU = Release|Any CPU
	EndGlobalSection
	GlobalSection(ProjectConfigurationPlatforms) = postSolution
		{5C6B4C97-18B1-432B-957F-750203D04527}.Debug|Any CPU.ActiveCfg = Debug|Any CPU
		{5C6B4C97-18B1-432B-957F-750203D04527}.Debug|Any CPU.Build.0 = Debug|Any CPU
		{5C6B4C97-18B1-432B-957F-750203D04527}.Release|Any CPU.ActiveCfg = Release|Any CPU
		{5C6B4C97-18B1-432B-957F-750203D04527}.Release|Any CPU.Build.0 = Release|Any CPU
	EndGlobalSection
	GlobalSection(SolutionProperties) = preSolution
		HideSolutionNode = FALSE
	EndGlobalSection
	GlobalSection(ExtensibilityGlobals) = postSolution
		SolutionGuid = {31A405B4-38CC-4D12-A8CC-82426DB035C1}
	EndGlobalSection
EndGlobal
